{
  "version": 4,
  "terraform_version": "1.11.4",
  "serial": 22,
  "lineage": "95e37ef0-0110-8c5f-e422-8ace06d33f76",
  "outputs": {
    "cluster_name": {
      "value": "ECS-Demo1",
      "type": "string"
    },
    "log_group_name": {
      "value": "/ecs/ECS-Demo1-webapp",
      "type": "string"
    },
    "next_steps": {
      "value": "Your infrastructure is ready! Next steps:\r\n\r\n1. Check ECS Console: https://console.aws.amazon.com/ecs/home?region=eu-north-1#/clusters/ECS-Demo1\r\n2. Find your running task and get its public IP\r\n3. Open http://[PUBLIC_IP] in your browser\r\n4. Check logs in CloudWatch: https://console.aws.amazon.com/cloudwatch/home?region=eu-north-1#logStream:group=/ecs/ECS-Demo1-webapp\r\n\r\nTo get the public IP via CLI:\r\naws ecs list-tasks --cluster ECS-Demo1 --service-name ECS-Demo1-webapp-service\r\n",
      "type": "string"
    },
    "security_group_id": {
      "value": "sg-0eefc7e325c2d622c",
      "type": "string"
    },
    "service_name": {
      "value": "ECS-Demo1-webapp-service",
      "type": "string"
    },
    "task_definition_arn": {
      "value": "arn:aws:ecs:eu-north-1:943814145943:task-definition/ECS-Demo1-webapp:1",
      "type": "string"
    }
  },
  "resources": [
    {
      "mode": "data",
      "type": "aws_subnets",
      "name": "default",
      "provider": "provider[\"registry.terraform.io/hashicorp/aws\"]",
      "instances": [
        {
          "schema_version": 0,
          "attributes": {
            "filter": [
              {
                "name": "vpc-id",
                "values": [
                  "vpc-0d9fb63cef368c9eb"
                ]
              }
            ],
            "id": "eu-north-1",
            "ids": [
              "subnet-0083f24b7739056ad",
              "subnet-01946e54b4a0a31e9",
              "subnet-04682d001a5a6dc2d"
            ],
            "tags": null,
            "timeouts": null
          },
          "sensitive_attributes": []
        }
      ]
    },
    {
      "mode": "data",
      "type": "aws_vpc",
      "name": "default",
      "provider": "provider[\"registry.terraform.io/hashicorp/aws\"]",
      "instances": [
        {
          "schema_version": 0,
          "attributes": {
            "arn": "arn:aws:ec2:eu-north-1:943814145943:vpc/vpc-0d9fb63cef368c9eb",
            "cidr_block": "172.31.0.0/16",
            "cidr_block_associations": [
              {
                "association_id": "vpc-cidr-assoc-04a47ff538ae32229",
                "cidr_block": "172.31.0.0/16",
                "state": "associated"
              }
            ],
            "default": true,
            "dhcp_options_id": "dopt-016297730db14d140",
            "enable_dns_hostnames": true,
            "enable_dns_support": true,
            "enable_network_address_usage_metrics": false,
            "filter": null,
            "id": "vpc-0d9fb63cef368c9eb",
            "instance_tenancy": "default",
            "ipv6_association_id": "",
            "ipv6_cidr_block": "",
            "main_route_table_id": "rtb-0587cd30f8921f35e",
            "owner_id": "943814145943",
            "state": null,
            "tags": {},
            "timeouts": null
          },
          "sensitive_attributes": []
        }
      ]
    },
    {
      "mode": "managed",
      "type": "aws_cloudwatch_log_group",
      "name": "webapp",
      "provider": "provider[\"registry.terraform.io/hashicorp/aws\"]",
      "instances": [
        {
          "schema_version": 0,
          "attributes": {
            "arn": "arn:aws:logs:eu-north-1:943814145943:log-group:/ecs/ECS-Demo1-webapp",
            "id": "/ecs/ECS-Demo1-webapp",
            "kms_key_id": "",
            "log_group_class": "STANDARD",
            "name": "/ecs/ECS-Demo1-webapp",
            "name_prefix": "",
            "retention_in_days": 7,
            "skip_destroy": false,
            "tags": {
              "Environment": "dev",
              "Name": "ECS-Demo1-webapp-logs"
            },
            "tags_all": {
              "Environment": "dev",
              "Name": "ECS-Demo1-webapp-logs"
            }
          },
          "sensitive_attributes": [],
          "private": "bnVsbA=="
        }
      ]
    },
    {
      "mode": "managed",
      "type": "aws_ecs_cluster",
      "name": "main",
      "provider": "provider[\"registry.terraform.io/hashicorp/aws\"]",
      "instances": [
        {
          "schema_version": 0,
          "attributes": {
            "arn": "arn:aws:ecs:eu-north-1:943814145943:cluster/ECS-Demo1",
            "configuration": [],
            "id": "arn:aws:ecs:eu-north-1:943814145943:cluster/ECS-Demo1",
            "name": "ECS-Demo1",
            "service_connect_defaults": [],
            "setting": [
              {
                "name": "containerInsights",
                "value": "disabled"
              }
            ],
            "tags": {
              "Environment": "dev",
              "Name": "ECS-Demo1",
              "Project": "my-first-aws-infrastructure"
            },
            "tags_all": {
              "Environment": "dev",
              "Name": "ECS-Demo1",
              "Project": "my-first-aws-infrastructure"
            }
          },
          "sensitive_attributes": [],
          "private": "bnVsbA=="
        }
      ]
    },
    {
      "mode": "managed",
      "type": "aws_ecs_service",
      "name": "webapp",
      "provider": "provider[\"registry.terraform.io/hashicorp/aws\"]",
      "instances": [
        {
          "schema_version": 1,
          "attributes": {
            "alarms": [],
            "availability_zone_rebalancing": "DISABLED",
            "capacity_provider_strategy": [],
            "cluster": "arn:aws:ecs:eu-north-1:943814145943:cluster/ECS-Demo1",
            "deployment_circuit_breaker": [
              {
                "enable": false,
                "rollback": false
              }
            ],
            "deployment_controller": [
              {
                "type": "ECS"
              }
            ],
            "deployment_maximum_percent": 200,
            "deployment_minimum_healthy_percent": 100,
            "desired_count": 1,
            "enable_ecs_managed_tags": false,
            "enable_execute_command": false,
            "force_delete": null,
            "force_new_deployment": null,
            "health_check_grace_period_seconds": 0,
            "iam_role": "/aws-service-role/ecs.amazonaws.com/AWSServiceRoleForECS",
            "id": "arn:aws:ecs:eu-north-1:943814145943:service/ECS-Demo1/ECS-Demo1-webapp-service",
            "launch_type": "FARGATE",
            "load_balancer": [],
            "name": "ECS-Demo1-webapp-service",
            "network_configuration": [
              {
                "assign_public_ip": true,
                "security_groups": [
                  "sg-0eefc7e325c2d622c"
                ],
                "subnets": [
                  "subnet-0083f24b7739056ad",
                  "subnet-01946e54b4a0a31e9",
                  "subnet-04682d001a5a6dc2d"
                ]
              }
            ],
            "ordered_placement_strategy": [],
            "placement_constraints": [],
            "platform_version": "LATEST",
            "propagate_tags": "NONE",
            "scheduling_strategy": "REPLICA",
            "service_connect_configuration": [],
            "service_registries": [],
            "tags": {
              "Environment": "dev",
              "Name": "ECS-Demo1-webapp-service"
            },
            "tags_all": {
              "Environment": "dev",
              "Name": "ECS-Demo1-webapp-service"
            },
            "task_definition": "arn:aws:ecs:eu-north-1:943814145943:task-definition/ECS-Demo1-webapp:1",
            "timeouts": null,
            "triggers": {},
            "volume_configuration": [],
            "vpc_lattice_configurations": [],
            "wait_for_steady_state": false
          },
          "sensitive_attributes": [],
          "private": "eyJlMmJmYjczMC1lY2FhLTExZTYtOGY4OC0zNDM2M2JjN2M0YzAiOnsiY3JlYXRlIjoxMjAwMDAwMDAwMDAwLCJkZWxldGUiOjEyMDAwMDAwMDAwMDAsInVwZGF0ZSI6MTIwMDAwMDAwMDAwMH0sInNjaGVtYV92ZXJzaW9uIjoiMSJ9",
          "dependencies": [
            "aws_cloudwatch_log_group.webapp",
            "aws_ecs_cluster.main",
            "aws_ecs_task_definition.webapp",
            "aws_iam_role.ecs_execution_role",
            "aws_security_group.webapp_sg",
            "data.aws_subnets.default",
            "data.aws_vpc.default"
          ]
        }
      ]
    },
    {
      "mode": "managed",
      "type": "aws_ecs_task_definition",
      "name": "webapp",
      "provider": "provider[\"registry.terraform.io/hashicorp/aws\"]",
      "instances": [
        {
          "schema_version": 1,
          "attributes": {
            "arn": "arn:aws:ecs:eu-north-1:943814145943:task-definition/ECS-Demo1-webapp:1",
            "arn_without_revision": "arn:aws:ecs:eu-north-1:943814145943:task-definition/ECS-Demo1-webapp",
            "container_definitions": "[{\"environment\":[{\"name\":\"ENVIRONMENT\",\"value\":\"dev\"}],\"essential\":true,\"image\":\"nginx:latest\",\"logConfiguration\":{\"logDriver\":\"awslogs\",\"options\":{\"awslogs-group\":\"/ecs/ECS-Demo1-webapp\",\"awslogs-region\":\"eu-north-1\",\"awslogs-stream-prefix\":\"ecs\"}},\"mountPoints\":[],\"name\":\"webapp\",\"portMappings\":[{\"containerPort\":80,\"hostPort\":80,\"protocol\":\"tcp\"}],\"systemControls\":[],\"volumesFrom\":[]}]",
            "cpu": "256",
            "enable_fault_injection": false,
            "ephemeral_storage": [],
            "execution_role_arn": "arn:aws:iam::943814145943:role/ECS-Demo1-ecs-execution-role",
            "family": "ECS-Demo1-webapp",
            "id": "ECS-Demo1-webapp",
            "inference_accelerator": [],
            "ipc_mode": "",
            "memory": "512",
            "network_mode": "awsvpc",
            "pid_mode": "",
            "placement_constraints": [],
            "proxy_configuration": [],
            "requires_compatibilities": [
              "FARGATE"
            ],
            "revision": 1,
            "runtime_platform": [],
            "skip_destroy": false,
            "tags": {
              "Environment": "dev",
              "Name": "ECS-Demo1-webapp-task"
            },
            "tags_all": {
              "Environment": "dev",
              "Name": "ECS-Demo1-webapp-task"
            },
            "task_role_arn": "",
            "track_latest": false,
            "volume": []
          },
          "sensitive_attributes": [],
          "private": "eyJzY2hlbWFfdmVyc2lvbiI6IjEifQ==",
          "dependencies": [
            "aws_cloudwatch_log_group.webapp",
            "aws_iam_role.ecs_execution_role"
          ]
        }
      ]
    },
    {
      "mode": "managed",
      "type": "aws_iam_role",
      "name": "ecs_execution_role",
      "provider": "provider[\"registry.terraform.io/hashicorp/aws\"]",
      "instances": [
        {
          "schema_version": 0,
          "attributes": {
            "arn": "arn:aws:iam::943814145943:role/ECS-Demo1-ecs-execution-role",
            "assume_role_policy": "{\"Statement\":[{\"Action\":\"sts:AssumeRole\",\"Effect\":\"Allow\",\"Principal\":{\"Service\":\"ecs-tasks.amazonaws.com\"}}],\"Version\":\"2012-10-17\"}",
            "create_date": "2025-06-16T19:50:58Z",
            "description": "",
            "force_detach_policies": false,
            "id": "ECS-Demo1-ecs-execution-role",
            "inline_policy": [],
            "managed_policy_arns": [],
            "max_session_duration": 3600,
            "name": "ECS-Demo1-ecs-execution-role",
            "name_prefix": "",
            "path": "/",
            "permissions_boundary": "",
            "tags": {
              "Environment": "dev",
              "Name": "ECS-Demo1-ecs-execution-role"
            },
            "tags_all": {
              "Environment": "dev",
              "Name": "ECS-Demo1-ecs-execution-role"
            },
            "unique_id": "AROA5XP5U66LVYQ4R7Z2D"
          },
          "sensitive_attributes": [],
          "private": "bnVsbA=="
        }
      ]
    },
    {
      "mode": "managed",
      "type": "aws_iam_role_policy_attachment",
      "name": "ecs_execution_role_policy",
      "provider": "provider[\"registry.terraform.io/hashicorp/aws\"]",
      "instances": [
        {
          "schema_version": 0,
          "attributes": {
            "id": "ECS-Demo1-ecs-execution-role-20250616195059933500000001",
            "policy_arn": "arn:aws:iam::aws:policy/service-role/AmazonECSTaskExecutionRolePolicy",
            "role": "ECS-Demo1-ecs-execution-role"
          },
          "sensitive_attributes": [],
          "private": "bnVsbA==",
          "dependencies": [
            "aws_iam_role.ecs_execution_role"
          ]
        }
      ]
    },
    {
      "mode": "managed",
      "type": "aws_security_group",
      "name": "webapp_sg",
      "provider": "provider[\"registry.terraform.io/hashicorp/aws\"]",
      "instances": [
        {
          "schema_version": 1,
          "attributes": {
            "arn": "arn:aws:ec2:eu-north-1:943814145943:security-group/sg-0eefc7e325c2d622c",
            "description": "Security group for web application",
            "egress": [
              {
                "cidr_blocks": [
                  "0.0.0.0/0"
                ],
                "description": "",
                "from_port": 0,
                "ipv6_cidr_blocks": [],
                "prefix_list_ids": [],
                "protocol": "-1",
                "security_groups": [],
                "self": false,
                "to_port": 0
              }
            ],
            "id": "sg-0eefc7e325c2d622c",
            "ingress": [
              {
                "cidr_blocks": [
                  "0.0.0.0/0"
                ],
                "description": "",
                "from_port": 80,
                "ipv6_cidr_blocks": [],
                "prefix_list_ids": [],
                "protocol": "tcp",
                "security_groups": [],
                "self": false,
                "to_port": 80
              }
            ],
            "name": "ECS-Demo1-webapp-sg",
            "name_prefix": "",
            "owner_id": "943814145943",
            "revoke_rules_on_delete": false,
            "tags": {
              "Environment": "dev",
              "Name": "ECS-Demo1-webapp-sg"
            },
            "tags_all": {
              "Environment": "dev",
              "Name": "ECS-Demo1-webapp-sg"
            },
            "timeouts": null,
            "vpc_id": "vpc-0d9fb63cef368c9eb"
          },
          "sensitive_attributes": [],
          "private": "eyJlMmJmYjczMC1lY2FhLTExZTYtOGY4OC0zNDM2M2JjN2M0YzAiOnsiY3JlYXRlIjo2MDAwMDAwMDAwMDAsImRlbGV0ZSI6OTAwMDAwMDAwMDAwfSwic2NoZW1hX3ZlcnNpb24iOiIxIn0=",
          "dependencies": [
            "data.aws_vpc.default"
          ]
        }
      ]
    }
  ],
  "check_results": null
}
